
Microsoft Visual Studio Solution File, Format Version 12.00
# Visual Studio Version 17
VisualStudioVersion = 17.8.34316.72
MinimumVisualStudioVersion = 10.0.40219.1
Project("{FAE04EC0-301F-11D3-BF4B-00C04F79EFBC}") = "WPF_App_ADO", "WPF_App_ADO\WPF_App_ADO.csproj", "{801258B2-2482-48C0-81CF-F27FAE50A71B}"
EndProject
Global
	GlobalSection(SolutionConfigurationPlatforms) = preSolution
		Debug|Any CPU = Debug|Any CPU
		Release|Any CPU = Release|Any CPU
	EndGlobalSection
	GlobalSection(ProjectConfigurationPlatforms) = postSolution
		{801258B2-2482-48C0-81CF-F27FAE50A71B}.Debug|Any CPU.ActiveCfg = Debug|Any CPU
		{801258B2-2482-48C0-81CF-F27FAE50A71B}.Debug|Any CPU.Build.0 = Debug|Any CPU
		{801258B2-2482-48C0-81CF-F27FAE50A71B}.Release|Any CPU.ActiveCfg = Release|Any CPU
		{801258B2-2482-48C0-81CF-F27FAE50A71B}.Release|Any CPU.Build.0 = Release|Any CPU
	EndGlobalSection
	GlobalSection(SolutionProperties) = preSolution
		HideSolutionNode = FALSE
	EndGlobalSection
	GlobalSection(ExtensibilityGlobals) = postSolution
		SolutionGuid = {DDA4A88D-7A15-4AF0-9FD4-C773E08C2D3F}
	EndGlobalSection
EndGlobal
